// !$*UTF8*$!
{
	archiveVersion = 1;
	classes = {
	};
	objectVersion = 77;
	objects = {

/* Begin PBXContainerItemProxy section */
		DFD2F7352E83849E002D0A1D /* PBXContainerItemProxy */ = {
			isa = PBXContainerItemProxy;
			containerPortal = DFD2F71A2E83849D002D0A1D /* Project object */;
			proxyType = 1;
			remoteGlobalIDString = DFD2F7212E83849D002D0A1D;
			remoteInfo = "GameHub App";
		};
		DFD2F73F2E83849E002D0A1D /* PBXContainerItemProxy */ = {
			isa = PBXContainerItemProxy;
			containerPortal = DFD2F71A2E83849D002D0A1D /* Project object */;
			proxyType = 1;
			remoteGlobalIDString = DFD2F7212E83849D002D0A1D;
			remoteInfo = "GameHub App";
		};
/* End PBXContainerItemProxy section */

/* Begin PBXFileReference section */
		DFD2F7222E83849D002D0A1D /* GameHub App.app */ = {isa = PBXFileReference; explicitFileType = wrapper.application; includeInIndex = 0; path = "GameHub App.app"; sourceTree = BUILT_PRODUCTS_DIR; };
		DFD2F7342E83849E002D0A1D /* GameHub AppTests.xctest */ = {isa = PBXFileReference; explicitFileType = wrapper.cfbundle; includeInIndex = 0; path = "GameHub AppTests.xctest"; sourceTree = BUILT_PRODUCTS_DIR; };
		DFD2F73E2E83849E002D0A1D /* GameHub AppUITests.xctest */ = {isa = PBXFileReference; explicitFileType = wrapper.cfbundle; includeInIndex = 0; path = "GameHub AppUITests.xctest"; sourceTree = BUILT_PRODUCTS_DIR; };
		DFD2F8042E8A1F39002D0A1D /* User.swift */ = {isa = PBXFileReference; lastKnownFileType = sourcecode.swift; path = User.swift; sourceTree = "<group>"; };
		DFD2F8052E8A1F48002D0A1D /* GameStore.swift */ = {isa = PBXFileReference; lastKnownFileType = sourcecode.swift; path = GameStore.swift; sourceTree = "<group>"; };
		DFD2F8062E8A1F5F002D0A1D /* Event.swift */ = {isa = PBXFileReference; lastKnownFileType = sourcecode.swift; path = Event.swift; sourceTree = "<group>"; };
		DFD2F8072E8A1F6A002D0A1D /* Club.swift */ = {isa = PBXFileReference; lastKnownFileType = sourcecode.swift; path = Club.swift; sourceTree = "<group>"; };
		DFD2F8082E8A1F82002D0A1D /* SupportingModels.swift */ = {isa = PBXFileReference; lastKnownFileType = sourcecode.swift; path = SupportingModels.swift; sourceTree = "<group>"; };
/* End PBXFileReference section */

/* Begin PBXFileSystemSynchronizedRootGroup section */
		DFD2F7242E83849D002D0A1D /* GameHub App */ = {
			isa = PBXFileSystemSynchronizedRootGroup;
			path = "GameHub App";
			sourceTree = "<group>";
		};
		DFD2F7372E83849E002D0A1D /* GameHub AppTests */ = {
			isa = PBXFileSystemSynchronizedRootGroup;
			path = "GameHub AppTests";
			sourceTree = "<group>";
		};
		DFD2F7412E83849E002D0A1D /* GameHub AppUITests */ = {
			isa = PBXFileSystemSynchronizedRootGroup;
			path = "GameHub AppUITests";
			sourceTree = "<group>";
		};
/* End PBXFileSystemSynchronizedRootGroup section */

/* Begin PBXFrameworksBuildPhase section */
		DFD2F71F2E83849D002D0A1D /* Frameworks */ = {
			isa = PBXFrameworksBuildPhase;
			buildActionMask = 2147483647;
			files = (
			);
			runOnlyForDeploymentPostprocessing = 0;
		};
		DFD2F7312E83849E002D0A1D /* Frameworks */ = {
			isa = PBXFrameworksBuildPhase;
			buildActionMask = 2147483647;
			files = (
			);
			runOnlyForDeploymentPostprocessing = 0;
		};
		DFD2F73B2E83849E002D0A1D /* Frameworks */ = {
			isa = PBXFrameworksBuildPhase;
			buildActionMask = 2147483647;
			files = (
			);
			runOnlyForDeploymentPostprocessing = 0;
		};
/* End PBXFrameworksBuildPhase section */

/* Begin PBXGroup section */
		DFD2F7192E83849D002D0A1D = {
			isa = PBXGroup;
			children = (
				DFD2F8032E8A1F2A002D0A1D /* Models */,
				DFD2F7242E83849D002D0A1D /* GameHub App */,
				DFD2F7372E83849E002D0A1D /* GameHub AppTests */,
				DFD2F7412E83849E002D0A1D /* GameHub AppUITests */,
				DFD2F7232E83849D002D0A1D /* Products */,
			);
			sourceTree = "<group>";
		};
		DFD2F7232E83849D002D0A1D /* Products */ = {
			isa = PBXGroup;
			children = (
				DFD2F7222E83849D002D0A1D /* GameHub App.app */,
				DFD2F7342E83849E002D0A1D /* GameHub AppTests.xctest */,
				DFD2F73E2E83849E002D0A1D /* GameHub AppUITests.xctest */,
			);
			name = Products;
			sourceTree = "<group>";
		};
		DFD2F8032E8A1F2A002D0A1D /* Models */ = {
			isa = PBXGroup;
			children = (
				DFD2F8042E8A1F39002D0A1D /* User.swift */,
				DFD2F8052E8A1F48002D0A1D /* GameStore.swift */,
				DFD2F8062E8A1F5F002D0A1D /* Event.swift */,
				DFD2F8082E8A1F82002D0A1D /* SupportingModels.swift */,
				DFD2F8072E8A1F6A002D0A1D /* Club.swift */,
			);
			path = Models;
			sourceTree = "<group>";
		};
/* End PBXGroup section */

/* Begin PBXNativeTarget section */
		DFD2F7212E83849D002D0A1D /* GameHub App */ = {
			isa = PBXNativeTarget;
			buildConfigurationList = DFD2F7482E83849E002D0A1D /* Build configuration list for PBXNativeTarget "GameHub App" */;
			buildPhases = (
				DFD2F71E2E83849D002D0A1D /* Sources */,
				DFD2F71F2E83849D002D0A1D /* Frameworks */,
				DFD2F7202E83849D002D0A1D /* Resources */,
			);
			buildRules = (
			);
			dependencies = (
			);
			fileSystemSynchronizedGroups = (
				DFD2F7242E83849D002D0A1D /* GameHub App */,
			);
			name = "GameHub App";
			packageProductDependencies = (
			);
			productName = "GameHub App";
			productReference = DFD2F7222E83849D002D0A1D /* GameHub App.app */;
			productType = "com.apple.product-type.application";
		};
		DFD2F7332E83849E002D0A1D /* GameHub AppTests */ = {
			isa = PBXNativeTarget;
			buildConfigurationList = DFD2F74B2E83849E002D0A1D /* Build configuration list for PBXNativeTarget "GameHub AppTests" */;
			buildPhases = (
				DFD2F7302E83849E002D0A1D /* Sources */,
				DFD2F7312E83849E002D0A1D /* Frameworks */,
				DFD2F7322E83849E002D0A1D /* Resources */,
			);
			buildRules = (
			);
			dependencies = (
				DFD2F7362E83849E002D0A1D /* PBXTargetDependency */,
			);
			fileSystemSynchronizedGroups = (
				DFD2F7372E83849E002D0A1D /* GameHub AppTests */,
			);
			name = "GameHub AppTests";
			packageProductDependencies = (
			);
			productName = "GameHub AppTests";
			productReference = DFD2F7342E83849E002D0A1D /* GameHub AppTests.xctest */;
			productType = "com.apple.product-type.bundle.unit-test";
		};
		DFD2F73D2E83849E002D0A1D /* GameHub AppUITests */ = {
			isa = PBXNativeTarget;
			buildConfigurationList = DFD2F74E2E83849E002D0A1D /* Build configuration list for PBXNativeTarget "GameHub AppUITests" */;
			buildPhases = (
				DFD2F73A2E83849E002D0A1D /* Sources */,
				DFD2F73B2E83849E002D0A1D /* Frameworks */,
				DFD2F73C2E83849E002D0A1D /* Resources */,
			);
			buildRules = (
			);
			dependencies = (
				DFD2F7402E83849E002D0A1D /* PBXTargetDependency */,
			);
			fileSystemSynchronizedGroups = (
				DFD2F7412E83849E002D0A1D /* GameHub AppUITests */,
			);
			name = "GameHub AppUITests";
			packageProductDependencies = (
			);
			productName = "GameHub AppUITests";
			productReference = DFD2F73E2E83849E002D0A1D /* GameHub AppUITests.xctest */;
			productType = "com.apple.product-type.bundle.ui-testing";
		};
/* End PBXNativeTarget section */

/* Begin PBXProject section */
		DFD2F71A2E83849D002D0A1D /* Project object */ = {
			isa = PBXProject;
			attributes = {
				BuildIndependentTargetsInParallel = 1;
				LastSwiftUpdateCheck = 1620;
				LastUpgradeCheck = 1620;
				TargetAttributes = {
					DFD2F7212E83849D002D0A1D = {
						CreatedOnToolsVersion = 16.2;
					};
					DFD2F7332E83849E002D0A1D = {
						CreatedOnToolsVersion = 16.2;
						TestTargetID = DFD2F7212E83849D002D0A1D;
					};
					DFD2F73D2E83849E002D0A1D = {
						CreatedOnToolsVersion = 16.2;
						TestTargetID = DFD2F7212E83849D002D0A1D;
					};
				};
			};
			buildConfigurationList = DFD2F71D2E83849D002D0A1D /* Build configuration list for PBXProject "GameHub App" */;
			developmentRegion = en;
			hasScannedForEncodings = 0;
			knownRegions = (
				en,
				Base,
			);
			mainGroup = DFD2F7192E83849D002D0A1D;
			minimizedProjectReferenceProxies = 1;
			preferredProjectObjectVersion = 77;
			productRefGroup = DFD2F7232E83849D002D0A1D /* Products */;
			projectDirPath = "";
			projectRoot = "";
			targets = (
				DFD2F7212E83849D002D0A1D /* GameHub App */,
				DFD2F7332E83849E002D0A1D /* GameHub AppTests */,
				DFD2F73D2E83849E002D0A1D /* GameHub AppUITests */,
			);
		};
/* End PBXProject section */

/* Begin PBXResourcesBuildPhase section */
		DFD2F7202E83849D002D0A1D /* Resources */ = {
			isa = PBXResourcesBuildPhase;
			buildActionMask = 2147483647;
			files = (
			);
			runOnlyForDeploymentPostprocessing = 0;
		};
		DFD2F7322E83849E002D0A1D /* Resources */ = {
			isa = PBXResourcesBuildPhase;
			buildActionMask = 2147483647;
			files = (
			);
			runOnlyForDeploymentPostprocessing = 0;
		};
		DFD2F73C2E83849E002D0A1D /* Resources */ = {
			isa = PBXResourcesBuildPhase;
			buildActionMask = 2147483647;
			files = (
			);
			runOnlyForDeploymentPostprocessing = 0;
		};
/* End PBXResourcesBuildPhase section */

/* Begin PBXSourcesBuildPhase section */
		DFD2F71E2E83849D002D0A1D /* Sources */ = {
			isa = PBXSourcesBuildPhase;
			buildActionMask = 2147483647;
			files = (
			);
			runOnlyForDeploymentPostprocessing = 0;
		};
		DFD2F7302E83849E002D0A1D /* Sources */ = {
			isa = PBXSourcesBuildPhase;
			buildActionMask = 2147483647;
			files = (
			);
			runOnlyForDeploymentPostprocessing = 0;
		};
		DFD2F73A2E83849E002D0A1D /* Sources */ = {
			isa = PBXSourcesBuildPhase;
			buildActionMask = 2147483647;
			files = (
			);
			runOnlyForDeploymentPostprocessing = 0;
		};
/* End PBXSourcesBuildPhase section */

/* Begin PBXTargetDependency section */
		DFD2F7362E83849E002D0A1D /* PBXTargetDependency */ = {
			isa = PBXTargetDependency;
			target = DFD2F7212E83849D002D0A1D /* GameHub App */;
			targetProxy = DFD2F7352E83849E002D0A1D /* PBXContainerItemProxy */;
		};
		DFD2F7402E83849E002D0A1D /* PBXTargetDependency */ = {
			isa = PBXTargetDependency;
			target = DFD2F7212E83849D002D0A1D /* GameHub App */;
			targetProxy = DFD2F73F2E83849E002D0A1D /* PBXContainerItemProxy */;
		};
/* End PBXTargetDependency section */

/* Begin XCBuildConfiguration section */
		DFD2F7462E83849E002D0A1D /* Debug */ = {
			isa = XCBuildConfiguration;
			buildSettings = {
				ALWAYS_SEARCH_USER_PATHS = NO;
				ASSETCATALOG_COMPILER_GENERATE_SWIFT_ASSET_SYMBOL_EXTENSIONS = YES;
				CLANG_ANALYZER_NONNULL = YES;
				CLANG_ANALYZER_NUMBER_OBJECT_CONVERSION = YES_AGGRESSIVE;
				CLANG_CXX_LANGUAGE_STANDARD = "gnu++20";
				CLANG_ENABLE_MODULES = YES;
				CLANG_ENABLE_OBJC_ARC = YES;
				CLANG_ENABLE_OBJC_WEAK = YES;
				CLANG_WARN_BLOCK_CAPTURE_AUTORELEASING = YES;
				CLANG_WARN_BOOL_CONVERSION = YES;
				CLANG_WARN_COMMA = YES;
				CLANG_WARN_CONSTANT_CONVERSION = YES;
				CLANG_WARN_DEPRECATED_OBJC_IMPLEMENTATIONS = YES;
				CLANG_WARN_DIRECT_OBJC_ISA_USAGE = YES_ERROR;
				CLANG_WARN_DOCUMENTATION_COMMENTS = YES;
				CLANG_WARN_EMPTY_BODY = YES;
				CLANG_WARN_ENUM_CONVERSION = YES;
				CLANG_WARN_INFINITE_RECURSION = YES;
				CLANG_WARN_INT_CONVERSION = YES;
				CLANG_WARN_NON_LITERAL_NULL_CONVERSION = YES;
				CLANG_WARN_OBJC_IMPLICIT_RETAIN_SELF = YES;
				CLANG_WARN_OBJC_LITERAL_CONVERSION = YES;
				CLANG_WARN_OBJC_ROOT_CLASS = YES_ERROR;
				CLANG_WARN_QUOTED_INCLUDE_IN_FRAMEWORK_HEADER = YES;
				CLANG_WARN_RANGE_LOOP_ANALYSIS = YES;
				CLANG_WARN_STRICT_PROTOTYPES = YES;
				CLANG_WARN_SUSPICIOUS_MOVE = YES;
				CLANG_WARN_UNGUARDED_AVAILABILITY = YES_AGGRESSIVE;
				CLANG_WARN_UNREACHABLE_CODE = YES;
				CLANG_WARN__DUPLICATE_METHOD_MATCH = YES;
				COPY_PHASE_STRIP = NO;
				DEBUG_INFORMATION_FORMAT = dwarf;
				ENABLE_STRICT_OBJC_MSGSEND = YES;
				ENABLE_TESTABILITY = YES;
				ENABLE_USER_SCRIPT_SANDBOXING = YES;
				GCC_C_LANGUAGE_STANDARD = gnu17;
				GCC_DYNAMIC_NO_PIC = NO;
				GCC_NO_COMMON_BLOCKS = YES;
				GCC_OPTIMIZATION_LEVEL = 0;
				GCC_PREPROCESSOR_DEFINITIONS = (
					"DEBUG=1",
					"$(inherited)",
				);
				GCC_WARN_64_TO_32_BIT_CONVERSION = YES;
				GCC_WARN_ABOUT_RETURN_TYPE = YES_ERROR;
				GCC_WARN_UNDECLARED_SELECTOR = YES;
				GCC_WARN_UNINITIALIZED_AUTOS = YES_AGGRESSIVE;
				GCC_WARN_UNUSED_FUNCTION = YES;
				GCC_WARN_UNUSED_VARIABLE = YES;
				IPHONEOS_DEPLOYMENT_TARGET = 18.2;
				LOCALIZATION_PREFERS_STRING_CATALOGS = YES;
				MTL_ENABLE_DEBUG_INFO = INCLUDE_SOURCE;
				MTL_FAST_MATH = YES;
				ONLY_ACTIVE_ARCH = YES;
				SDKROOT = iphoneos;
				SWIFT_ACTIVE_COMPILATION_CONDITIONS = "DEBUG $(inherited)";
				SWIFT_OPTIMIZATION_LEVEL = "-Onone";
			};
			name = Debug;
		};
		DFD2F7472E83849E002D0A1D /* Release */ = {
			isa = XCBuildConfiguration;
			buildSettings = {
				ALWAYS_SEARCH_USER_PATHS = NO;
				ASSETCATALOG_COMPILER_GENERATE_SWIFT_ASSET_SYMBOL_EXTENSIONS = YES;
				CLANG_ANALYZER_NONNULL = YES;
				CLANG_ANALYZER_NUMBER_OBJECT_CONVERSION = YES_AGGRESSIVE;
				CLANG_CXX_LANGUAGE_STANDARD = "gnu++20";
				CLANG_ENABLE_MODULES = YES;
				CLANG_ENABLE_OBJC_ARC = YES;
				CLANG_ENABLE_OBJC_WEAK = YES;
				CLANG_WARN_BLOCK_CAPTURE_AUTORELEASING = YES;
				CLANG_WARN_BOOL_CONVERSION = YES;
				CLANG_WARN_COMMA = YES;
				CLANG_WARN_CONSTANT_CONVERSION = YES;
				CLANG_WARN_DEPRECATED_OBJC_IMPLEMENTATIONS = YES;
				CLANG_WARN_DIRECT_OBJC_ISA_USAGE = YES_ERROR;
				CLANG_WARN_DOCUMENTATION_COMMENTS = YES;
				CLANG_WARN_EMPTY_BODY = YES;
				CLANG_WARN_ENUM_CONVERSION = YES;
				CLANG_WARN_INFINITE_RECURSION = YES;
				CLANG_WARN_INT_CONVERSION = YES;
				CLANG_WARN_NON_LITERAL_NULL_CONVERSION = YES;
				CLANG_WARN_OBJC_IMPLICIT_RETAIN_SELF = YES;
				CLANG_WARN_OBJC_LITERAL_CONVERSION = YES;
				CLANG_WARN_OBJC_ROOT_CLASS = YES_ERROR;
				CLANG_WARN_QUOTED_INCLUDE_IN_FRAMEWORK_HEADER = YES;
				CLANG_WARN_RANGE_LOOP_ANALYSIS = YES;
				CLANG_WARN_STRICT_PROTOTYPES = YES;
				CLANG_WARN_SUSPICIOUS_MOVE = YES;
				CLANG_WARN_UNGUARDED_AVAILABILITY = YES_AGGRESSIVE;
				CLANG_WARN_UNREACHABLE_CODE = YES;
				CLANG_WARN__DUPLICATE_METHOD_MATCH = YES;
				COPY_PHASE_STRIP = NO;
				DEBUG_INFORMATION_FORMAT = "dwarf-with-dsym";
				ENABLE_NS_ASSERTIONS = NO;
				ENABLE_STRICT_OBJC_MSGSEND = YES;
				ENABLE_USER_SCRIPT_SANDBOXING = YES;
				GCC_C_LANGUAGE_STANDARD = gnu17;
				GCC_NO_COMMON_BLOCKS = YES;
				GCC_WARN_64_TO_32_BIT_CONVERSION = YES;
				GCC_WARN_ABOUT_RETURN_TYPE = YES_ERROR;
				GCC_WARN_UNDECLARED_SELECTOR = YES;
				GCC_WARN_UNINITIALIZED_AUTOS = YES_AGGRESSIVE;
				GCC_WARN_UNUSED_FUNCTION = YES;
				GCC_WARN_UNUSED_VARIABLE = YES;
				IPHONEOS_DEPLOYMENT_TARGET = 18.2;
				LOCALIZATION_PREFERS_STRING_CATALOGS = YES;
				MTL_ENABLE_DEBUG_INFO = NO;
				MTL_FAST_MATH = YES;
				SDKROOT = iphoneos;
				SWIFT_COMPILATION_MODE = wholemodule;
				VALIDATE_PRODUCT = YES;
			};
			name = Release;
		};
		DFD2F7492E83849E002D0A1D /* Debug */ = {
			isa = XCBuildConfiguration;
			buildSettings = {
				ASSETCATALOG_COMPILER_APPICON_NAME = AppIcon;
				ASSETCATALOG_COMPILER_GLOBAL_ACCENT_COLOR_NAME = AccentColor;
				ASSETCATALOG_COMPILER_INCLUDE_ALL_APPICON_ASSETS = NO;
				CODE_SIGN_STYLE = Automatic;
				CURRENT_PROJECT_VERSION = 1;
				DEVELOPMENT_ASSET_PATHS = "\"GameHub App/Preview Content\"";
				DEVELOPMENT_TEAM = CXB36LGNPR;
				ENABLE_PREVIEWS = YES;
				GENERATE_INFOPLIST_FILE = YES;
				INFOPLIST_FILE = "GameHub-App-Info.plist";
				INFOPLIST_KEY_LSApplicationCategoryType = "public.app-category.social-networking";
				INFOPLIST_KEY_UIApplicationSceneManifest_Generation = YES;
				INFOPLIST_KEY_UIApplicationSupportsIndirectInputEvents = YES;
				INFOPLIST_KEY_UILaunchScreen_Generation = YES;
				INFOPLIST_KEY_UIStatusBarStyle = "";
				INFOPLIST_KEY_UISupportedInterfaceOrientations_iPad = "UIInterfaceOrientationPortrait UIInterfaceOrientationPortraitUpsideDown UIInterfaceOrientationLandscapeLeft UIInterfaceOrientationLandscapeRight";
				INFOPLIST_KEY_UISupportedInterfaceOrientations_iPhone = "UIInterfaceOrientationPortrait UIInterfaceOrientationLandscapeLeft UIInterfaceOrientationLandscapeRight";
				IPHONEOS_DEPLOYMENT_TARGET = 18.0;
				LD_RUNPATH_SEARCH_PATHS = (
					"$(inherited)",
					"@executable_path/Frameworks",
				);
				MARKETING_VERSION = 1.0;
				PRODUCT_BUNDLE_IDENTIFIER = "com.houbaron.GameHub-App";
				PRODUCT_NAME = "$(TARGET_NAME)";
				SWIFT_EMIT_LOC_STRINGS = YES;
				SWIFT_VERSION = 5.0;
				TARGETED_DEVICE_FAMILY = "1,2";
			};
			name = Debug;
		};
		DFD2F74A2E83849E002D0A1D /* Release */ = {
			isa = XCBuildConfiguration;
			buildSettings = {
				ASSETCATALOG_COMPILER_APPICON_NAME = AppIcon;
				ASSETCATALOG_COMPILER_GLOBAL_ACCENT_COLOR_NAME = AccentColor;
				ASSETCATALOG_COMPILER_INCLUDE_ALL_APPICON_ASSETS = NO;
				CODE_SIGN_STYLE = Automatic;
				CURRENT_PROJECT_VERSION = 1;
				DEVELOPMENT_ASSET_PATHS = "\"GameHub App/Preview Content\"";
				DEVELOPMENT_TEAM = CXB36LGNPR;
				ENABLE_PREVIEWS = YES;
				GENERATE_INFOPLIST_FILE = YES;
				INFOPLIST_FILE = "GameHub-App-Info.plist";
				INFOPLIST_KEY_LSApplicationCategoryType = "public.app-category.social-networking";
				INFOPLIST_KEY_UIApplicationSceneManifest_Generation = YES;
				INFOPLIST_KEY_UIApplicationSupportsIndirectInputEvents = YES;
				INFOPLIST_KEY_UILaunchScreen_Generation = YES;
				INFOPLIST_KEY_UIStatusBarStyle = "";
				INFOPLIST_KEY_UISupportedInterfaceOrientations_iPad = "UIInterfaceOrientationPortrait UIInterfaceOrientationPortraitUpsideDown UIInterfaceOrientationLandscapeLeft UIInterfaceOrientationLandscapeRight";
				INFOPLIST_KEY_UISupportedInterfaceOrientations_iPhone = "UIInterfaceOrientationPortrait UIInterfaceOrientationLandscapeLeft UIInterfaceOrientationLandscapeRight";
				IPHONEOS_DEPLOYMENT_TARGET = 18.0;
				LD_RUNPATH_SEARCH_PATHS = (
					"$(inherited)",
					"@executable_path/Frameworks",
				);
				MARKETING_VERSION = 1.0;
				PRODUCT_BUNDLE_IDENTIFIER = "com.houbaron.GameHub-App";
				PRODUCT_NAME = "$(TARGET_NAME)";
				SWIFT_EMIT_LOC_STRINGS = YES;
				SWIFT_VERSION = 5.0;
				TARGETED_DEVICE_FAMILY = "1,2";
			};
			name = Release;
		};
		DFD2F74C2E83849E002D0A1D /* Debug */ = {
			isa = XCBuildConfiguration;
			buildSettings = {
				BUNDLE_LOADER = "$(TEST_HOST)";
				CODE_SIGN_STYLE = Automatic;
				CURRENT_PROJECT_VERSION = 1;
				DEVELOPMENT_TEAM = CXB36LGNPR;
				GENERATE_INFOPLIST_FILE = YES;
				IPHONEOS_DEPLOYMENT_TARGET = 18.2;
				MARKETING_VERSION = 1.0;
				PRODUCT_BUNDLE_IDENTIFIER = "com.houbaron.GameHub-AppTests";
				PRODUCT_NAME = "$(TARGET_NAME)";
				SWIFT_EMIT_LOC_STRINGS = NO;
				SWIFT_VERSION = 5.0;
				TARGETED_DEVICE_FAMILY = "1,2";
				TEST_HOST = "$(BUILT_PRODUCTS_DIR)/GameHub App.app/$(BUNDLE_EXECUTABLE_FOLDER_PATH)/GameHub App";
			};
			name = Debug;
		};
		DFD2F74D2E83849E002D0A1D /* Release */ = {
			isa = XCBuildConfiguration;
			buildSettings = {
				BUNDLE_LOADER = "$(TEST_HOST)";
				CODE_SIGN_STYLE = Automatic;
				CURRENT_PROJECT_VERSION = 1;
				DEVELOPMENT_TEAM = CXB36LGNPR;
				GENERATE_INFOPLIST_FILE = YES;
				IPHONEOS_DEPLOYMENT_TARGET = 18.2;
				MARKETING_VERSION = 1.0;
				PRODUCT_BUNDLE_IDENTIFIER = "com.houbaron.GameHub-AppTests";
				PRODUCT_NAME = "$(TARGET_NAME)";
				SWIFT_EMIT_LOC_STRINGS = NO;
				SWIFT_VERSION = 5.0;
				TARGETED_DEVICE_FAMILY = "1,2";
				TEST_HOST = "$(BUILT_PRODUCTS_DIR)/GameHub App.app/$(BUNDLE_EXECUTABLE_FOLDER_PATH)/GameHub App";
			};
			name = Release;
		};
		DFD2F74F2E83849E002D0A1D /* Debug */ = {
			isa = XCBuildConfiguration;
			buildSettings = {
				CODE_SIGN_STYLE = Automatic;
				CURRENT_PROJECT_VERSION = 1;
				DEVELOPMENT_TEAM = CXB36LGNPR;
				GENERATE_INFOPLIST_FILE = YES;
				IPHONEOS_DEPLOYMENT_TARGET = 17.6;
				MARKETING_VERSION = 1.0;
				PRODUCT_BUNDLE_IDENTIFIER = "com.houbaron.GameHub-AppUITests";
				PRODUCT_NAME = "$(TARGET_NAME)";
				SWIFT_EMIT_LOC_STRINGS = NO;
				SWIFT_VERSION = 5.0;
				TARGETED_DEVICE_FAMILY = "1,2";
				TEST_TARGET_NAME = "GameHub App";
			};
			name = Debug;
		};
		DFD2F7502E83849E002D0A1D /* Release */ = {
			isa = XCBuildConfiguration;
			buildSettings = {
				CODE_SIGN_STYLE = Automatic;
				CURRENT_PROJECT_VERSION = 1;
				DEVELOPMENT_TEAM = CXB36LGNPR;
				GENERATE_INFOPLIST_FILE = YES;
				IPHONEOS_DEPLOYMENT_TARGET = 17.6;
				MARKETING_VERSION = 1.0;
				PRODUCT_BUNDLE_IDENTIFIER = "com.houbaron.GameHub-AppUITests";
				PRODUCT_NAME = "$(TARGET_NAME)";
				SWIFT_EMIT_LOC_STRINGS = NO;
				SWIFT_VERSION = 5.0;
				TARGETED_DEVICE_FAMILY = "1,2";
				TEST_TARGET_NAME = "GameHub App";
			};
			name = Release;
		};
/* End XCBuildConfiguration section */

/* Begin XCConfigurationList section */
		DFD2F71D2E83849D002D0A1D /* Build configuration list for PBXProject "GameHub App" */ = {
			isa = XCConfigurationList;
			buildConfigurations = (
				DFD2F7462E83849E002D0A1D /* Debug */,
				DFD2F7472E83849E002D0A1D /* Release */,
			);
			defaultConfigurationIsVisible = 0;
			defaultConfigurationName = Release;
		};
		DFD2F7482E83849E002D0A1D /* Build configuration list for PBXNativeTarget "GameHub App" */ = {
			isa = XCConfigurationList;
			buildConfigurations = (
				DFD2F7492E83849E002D0A1D /* Debug */,
				DFD2F74A2E83849E002D0A1D /* Release */,
			);
			defaultConfigurationIsVisible = 0;
			defaultConfigurationName = Release;
		};
		DFD2F74B2E83849E002D0A1D /* Build configuration list for PBXNativeTarget "GameHub AppTests" */ = {
			isa = XCConfigurationList;
			buildConfigurations = (
				DFD2F74C2E83849E002D0A1D /* Debug */,
				DFD2F74D2E83849E002D0A1D /* Release */,
			);
			defaultConfigurationIsVisible = 0;
			defaultConfigurationName = Release;
		};
		DFD2F74E2E83849E002D0A1D /* Build configuration list for PBXNativeTarget "GameHub AppUITests" */ = {
			isa = XCConfigurationList;
			buildConfigurations = (
				DFD2F74F2E83849E002D0A1D /* Debug */,
				DFD2F7502E83849E002D0A1D /* Release */,
			);
			defaultConfigurationIsVisible = 0;
			defaultConfigurationName = Release;
		};
/* End XCConfigurationList section */
	};
	rootObject = DFD2F71A2E83849D002D0A1D /* Project object */;
}
